
Microsoft Visual Studio Solution File, Format Version 12.00
# Visual Studio Version 17
VisualStudioVersion = 17.0.31903.59
MinimumVisualStudioVersion = 10.0.40219.1
Project("{2150E333-8FDC-42A3-9474-1A3956D46DE8}") = "src", "src", "{827E0CD3-B72D-47B6-A68D-7590B98EB39B}"
EndProject
Project("{2150E333-8FDC-42A3-9474-1A3956D46DE8}") = "BuildingBlocks", "BuildingBlocks", "{90298CBA-BD6F-3A0A-69D5-97CAD7B05E7E}"
EndProject
Project("{FAE04EC0-301F-11D3-BF4B-00C04F79EFBC}") = "PayFlow.SharedKernel", "src\BuildingBlocks\PayFlow.SharedKernel\PayFlow.SharedKernel.csproj", "{D5C418B4-DD64-438C-8E31-61EC9304A6D5}"
EndProject
Project("{2150E333-8FDC-42A3-9474-1A3956D46DE8}") = "Services", "Services", "{984BB9B3-3FA3-BE33-9484-CAC21695A33C}"
EndProject
Project("{2150E333-8FDC-42A3-9474-1A3956D46DE8}") = "Catalog", "Catalog", "{C91C1CF1-1625-0789-F869-53D87D6277BA}"
EndProject
Project("{FAE04EC0-301F-11D3-BF4B-00C04F79EFBC}") = "PayFlow.Catalog.API", "src\Services\Catalog\PayFlow.Catalog.API\PayFlow.Catalog.API.csproj", "{B3112C51-61F9-488A-9DF3-43DF0CD22A36}"
EndProject
Project("{2150E333-8FDC-42A3-9474-1A3956D46DE8}") = "Ordering", "Ordering", "{D3BAB01C-7F3F-8576-96BE-8BE70C9B9915}"
EndProject
Project("{FAE04EC0-301F-11D3-BF4B-00C04F79EFBC}") = "PayFlow.Ordering.API", "src\Services\Ordering\PayFlow.Ordering.API\PayFlow.Ordering.API.csproj", "{D620633E-298A-4AF3-9153-763BFA4C98C3}"
EndProject
Project("{2150E333-8FDC-42A3-9474-1A3956D46DE8}") = "Payment", "Payment", "{3FB03296-F262-2760-9861-73C41AF3766C}"
EndProject
Project("{FAE04EC0-301F-11D3-BF4B-00C04F79EFBC}") = "PayFlow.Payment.API", "src\Services\Payment\PayFlow.Payment.API\PayFlow.Payment.API.csproj", "{7138DF25-1656-4CAA-ACD1-09AB7F22B4C7}"
EndProject
Project("{2150E333-8FDC-42A3-9474-1A3956D46DE8}") = "Notification", "Notification", "{C5FBE174-8E0F-F5A3-B929-8BD0C55C0A32}"
EndProject
Project("{FAE04EC0-301F-11D3-BF4B-00C04F79EFBC}") = "PayFlow.Notification.Worker", "src\Services\Notification\PayFlow.Notification.Worker\PayFlow.Notification.Worker.csproj", "{8F6D9718-0204-4DD2-8D05-9AF0E481021D}"
EndProject
Project("{2150E333-8FDC-42A3-9474-1A3956D46DE8}") = "ApiGateways", "ApiGateways", "{ED3A6F05-8B42-2A19-DFFE-FDDDF787C538}"
EndProject
Project("{FAE04EC0-301F-11D3-BF4B-00C04F79EFBC}") = "PayFlow.ApiGateway", "src\ApiGateways\PayFlow.ApiGateway\PayFlow.ApiGateway.csproj", "{81CB752E-E7A1-4E91-8236-87DCFEB241A4}"
EndProject
Project("{2150E333-8FDC-42A3-9474-1A3956D46DE8}") = "tests", "tests", "{0AB3BF05-4346-4AA6-1389-037BE0695223}"
EndProject
Project("{FAE04EC0-301F-11D3-BF4B-00C04F79EFBC}") = "PayFlow.Ordering.UnitTests", "tests\PayFlow.Ordering.UnitTests\PayFlow.Ordering.UnitTests.csproj", "{DE3F6F8D-B1B0-4244-829A-BAECEC1F33C0}"
EndProject
Global
	GlobalSection(SolutionConfigurationPlatforms) = preSolution
		Debug|Any CPU = Debug|Any CPU
		Debug|x64 = Debug|x64
		Debug|x86 = Debug|x86
		Release|Any CPU = Release|Any CPU
		Release|x64 = Release|x64
		Release|x86 = Release|x86
	EndGlobalSection
	GlobalSection(ProjectConfigurationPlatforms) = postSolution
		{D5C418B4-DD64-438C-8E31-61EC9304A6D5}.Debug|Any CPU.ActiveCfg = Debug|Any CPU
		{D5C418B4-DD64-438C-8E31-61EC9304A6D5}.Debug|Any CPU.Build.0 = Debug|Any CPU
		{D5C418B4-DD64-438C-8E31-61EC9304A6D5}.Debug|x64.ActiveCfg = Debug|Any CPU
		{D5C418B4-DD64-438C-8E31-61EC9304A6D5}.Debug|x64.Build.0 = Debug|Any CPU
		{D5C418B4-DD64-438C-8E31-61EC9304A6D5}.Debug|x86.ActiveCfg = Debug|Any CPU
		{D5C418B4-DD64-438C-8E31-61EC9304A6D5}.Debug|x86.Build.0 = Debug|Any CPU
		{D5C418B4-DD64-438C-8E31-61EC9304A6D5}.Release|Any CPU.ActiveCfg = Release|Any CPU
		{D5C418B4-DD64-438C-8E31-61EC9304A6D5}.Release|Any CPU.Build.0 = Release|Any CPU
		{D5C418B4-DD64-438C-8E31-61EC9304A6D5}.Release|x64.ActiveCfg = Release|Any CPU
		{D5C418B4-DD64-438C-8E31-61EC9304A6D5}.Release|x64.Build.0 = Release|Any CPU
		{D5C418B4-DD64-438C-8E31-61EC9304A6D5}.Release|x86.ActiveCfg = Release|Any CPU
		{D5C418B4-DD64-438C-8E31-61EC9304A6D5}.Release|x86.Build.0 = Release|Any CPU
		{B3112C51-61F9-488A-9DF3-43DF0CD22A36}.Debug|Any CPU.ActiveCfg = Debug|Any CPU
		{B3112C51-61F9-488A-9DF3-43DF0CD22A36}.Debug|Any CPU.Build.0 = Debug|Any CPU
		{B3112C51-61F9-488A-9DF3-43DF0CD22A36}.Debug|x64.ActiveCfg = Debug|Any CPU
		{B3112C51-61F9-488A-9DF3-43DF0CD22A36}.Debug|x64.Build.0 = Debug|Any CPU
		{B3112C51-61F9-488A-9DF3-43DF0CD22A36}.Debug|x86.ActiveCfg = Debug|Any CPU
		{B3112C51-61F9-488A-9DF3-43DF0CD22A36}.Debug|x86.Build.0 = Debug|Any CPU
		{B3112C51-61F9-488A-9DF3-43DF0CD22A36}.Release|Any CPU.ActiveCfg = Release|Any CPU
		{B3112C51-61F9-488A-9DF3-43DF0CD22A36}.Release|Any CPU.Build.0 = Release|Any CPU
		{B3112C51-61F9-488A-9DF3-43DF0CD22A36}.Release|x64.ActiveCfg = Release|Any CPU
		{B3112C51-61F9-488A-9DF3-43DF0CD22A36}.Release|x64.Build.0 = Release|Any CPU
		{B3112C51-61F9-488A-9DF3-43DF0CD22A36}.Release|x86.ActiveCfg = Release|Any CPU
		{B3112C51-61F9-488A-9DF3-43DF0CD22A36}.Release|x86.Build.0 = Release|Any CPU
		{D620633E-298A-4AF3-9153-763BFA4C98C3}.Debug|Any CPU.ActiveCfg = Debug|Any CPU
		{D620633E-298A-4AF3-9153-763BFA4C98C3}.Debug|Any CPU.Build.0 = Debug|Any CPU
		{D620633E-298A-4AF3-9153-763BFA4C98C3}.Debug|x64.ActiveCfg = Debug|Any CPU
		{D620633E-298A-4AF3-9153-763BFA4C98C3}.Debug|x64.Build.0 = Debug|Any CPU
		{D620633E-298A-4AF3-9153-763BFA4C98C3}.Debug|x86.ActiveCfg = Debug|Any CPU
		{D620633E-298A-4AF3-9153-763BFA4C98C3}.Debug|x86.Build.0 = Debug|Any CPU
		{D620633E-298A-4AF3-9153-763BFA4C98C3}.Release|Any CPU.ActiveCfg = Release|Any CPU
		{D620633E-298A-4AF3-9153-763BFA4C98C3}.Release|Any CPU.Build.0 = Release|Any CPU
		{D620633E-298A-4AF3-9153-763BFA4C98C3}.Release|x64.ActiveCfg = Release|Any CPU
		{D620633E-298A-4AF3-9153-763BFA4C98C3}.Release|x64.Build.0 = Release|Any CPU
		{D620633E-298A-4AF3-9153-763BFA4C98C3}.Release|x86.ActiveCfg = Release|Any CPU
		{D620633E-298A-4AF3-9153-763BFA4C98C3}.Release|x86.Build.0 = Release|Any CPU
		{7138DF25-1656-4CAA-ACD1-09AB7F22B4C7}.Debug|Any CPU.ActiveCfg = Debug|Any CPU
		{7138DF25-1656-4CAA-ACD1-09AB7F22B4C7}.Debug|Any CPU.Build.0 = Debug|Any CPU
		{7138DF25-1656-4CAA-ACD1-09AB7F22B4C7}.Debug|x64.ActiveCfg = Debug|Any CPU
		{7138DF25-1656-4CAA-ACD1-09AB7F22B4C7}.Debug|x64.Build.0 = Debug|Any CPU
		{7138DF25-1656-4CAA-ACD1-09AB7F22B4C7}.Debug|x86.ActiveCfg = Debug|Any CPU
		{7138DF25-1656-4CAA-ACD1-09AB7F22B4C7}.Debug|x86.Build.0 = Debug|Any CPU
		{7138DF25-1656-4CAA-ACD1-09AB7F22B4C7}.Release|Any CPU.ActiveCfg = Release|Any CPU
		{7138DF25-1656-4CAA-ACD1-09AB7F22B4C7}.Release|Any CPU.Build.0 = Release|Any CPU
		{7138DF25-1656-4CAA-ACD1-09AB7F22B4C7}.Release|x64.ActiveCfg = Release|Any CPU
		{7138DF25-1656-4CAA-ACD1-09AB7F22B4C7}.Release|x64.Build.0 = Release|Any CPU
		{7138DF25-1656-4CAA-ACD1-09AB7F22B4C7}.Release|x86.ActiveCfg = Release|Any CPU
		{7138DF25-1656-4CAA-ACD1-09AB7F22B4C7}.Release|x86.Build.0 = Release|Any CPU
		{8F6D9718-0204-4DD2-8D05-9AF0E481021D}.Debug|Any CPU.ActiveCfg = Debug|Any CPU
		{8F6D9718-0204-4DD2-8D05-9AF0E481021D}.Debug|Any CPU.Build.0 = Debug|Any CPU
		{8F6D9718-0204-4DD2-8D05-9AF0E481021D}.Debug|x64.ActiveCfg = Debug|Any CPU
		{8F6D9718-0204-4DD2-8D05-9AF0E481021D}.Debug|x64.Build.0 = Debug|Any CPU
		{8F6D9718-0204-4DD2-8D05-9AF0E481021D}.Debug|x86.ActiveCfg = Debug|Any CPU
		{8F6D9718-0204-4DD2-8D05-9AF0E481021D}.Debug|x86.Build.0 = Debug|Any CPU
		{8F6D9718-0204-4DD2-8D05-9AF0E481021D}.Release|Any CPU.ActiveCfg = Release|Any CPU
		{8F6D9718-0204-4DD2-8D05-9AF0E481021D}.Release|Any CPU.Build.0 = Release|Any CPU
		{8F6D9718-0204-4DD2-8D05-9AF0E481021D}.Release|x64.ActiveCfg = Release|Any CPU
		{8F6D9718-0204-4DD2-8D05-9AF0E481021D}.Release|x64.Build.0 = Release|Any CPU
		{8F6D9718-0204-4DD2-8D05-9AF0E481021D}.Release|x86.ActiveCfg = Release|Any CPU
		{8F6D9718-0204-4DD2-8D05-9AF0E481021D}.Release|x86.Build.0 = Release|Any CPU
		{81CB752E-E7A1-4E91-8236-87DCFEB241A4}.Debug|Any CPU.ActiveCfg = Debug|Any CPU
		{81CB752E-E7A1-4E91-8236-87DCFEB241A4}.Debug|Any CPU.Build.0 = Debug|Any CPU
		{81CB752E-E7A1-4E91-8236-87DCFEB241A4}.Debug|x64.ActiveCfg = Debug|Any CPU
		{81CB752E-E7A1-4E91-8236-87DCFEB241A4}.Debug|x64.Build.0 = Debug|Any CPU
		{81CB752E-E7A1-4E91-8236-87DCFEB241A4}.Debug|x86.ActiveCfg = Debug|Any CPU
		{81CB752E-E7A1-4E91-8236-87DCFEB241A4}.Debug|x86.Build.0 = Debug|Any CPU
		{81CB752E-E7A1-4E91-8236-87DCFEB241A4}.Release|Any CPU.ActiveCfg = Release|Any CPU
		{81CB752E-E7A1-4E91-8236-87DCFEB241A4}.Release|Any CPU.Build.0 = Release|Any CPU
		{81CB752E-E7A1-4E91-8236-87DCFEB241A4}.Release|x64.ActiveCfg = Release|Any CPU
		{81CB752E-E7A1-4E91-8236-87DCFEB241A4}.Release|x64.Build.0 = Release|Any CPU
		{81CB752E-E7A1-4E91-8236-87DCFEB241A4}.Release|x86.ActiveCfg = Release|Any CPU
		{81CB752E-E7A1-4E91-8236-87DCFEB241A4}.Release|x86.Build.0 = Release|Any CPU
		{DE3F6F8D-B1B0-4244-829A-BAECEC1F33C0}.Debug|Any CPU.ActiveCfg = Debug|Any CPU
		{DE3F6F8D-B1B0-4244-829A-BAECEC1F33C0}.Debug|Any CPU.Build.0 = Debug|Any CPU
		{DE3F6F8D-B1B0-4244-829A-BAECEC1F33C0}.Debug|x64.ActiveCfg = Debug|Any CPU
		{DE3F6F8D-B1B0-4244-829A-BAECEC1F33C0}.Debug|x64.Build.0 = Debug|Any CPU
		{DE3F6F8D-B1B0-4244-829A-BAECEC1F33C0}.Debug|x86.ActiveCfg = Debug|Any CPU
		{DE3F6F8D-B1B0-4244-829A-BAECEC1F33C0}.Debug|x86.Build.0 = Debug|Any CPU
		{DE3F6F8D-B1B0-4244-829A-BAECEC1F33C0}.Release|Any CPU.ActiveCfg = Release|Any CPU
		{DE3F6F8D-B1B0-4244-829A-BAECEC1F33C0}.Release|Any CPU.Build.0 = Release|Any CPU
		{DE3F6F8D-B1B0-4244-829A-BAECEC1F33C0}.Release|x64.ActiveCfg = Release|Any CPU
		{DE3F6F8D-B1B0-4244-829A-BAECEC1F33C0}.Release|x64.Build.0 = Release|Any CPU
		{DE3F6F8D-B1B0-4244-829A-BAECEC1F33C0}.Release|x86.ActiveCfg = Release|Any CPU
		{DE3F6F8D-B1B0-4244-829A-BAECEC1F33C0}.Release|x86.Build.0 = Release|Any CPU
	EndGlobalSection
	GlobalSection(SolutionProperties) = preSolution
		HideSolutionNode = FALSE
	EndGlobalSection
	GlobalSection(NestedProjects) = preSolution
		{90298CBA-BD6F-3A0A-69D5-97CAD7B05E7E} = {827E0CD3-B72D-47B6-A68D-7590B98EB39B}
		{D5C418B4-DD64-438C-8E31-61EC9304A6D5} = {90298CBA-BD6F-3A0A-69D5-97CAD7B05E7E}
		{984BB9B3-3FA3-BE33-9484-CAC21695A33C} = {827E0CD3-B72D-47B6-A68D-7590B98EB39B}
		{C91C1CF1-1625-0789-F869-53D87D6277BA} = {984BB9B3-3FA3-BE33-9484-CAC21695A33C}
		{B3112C51-61F9-488A-9DF3-43DF0CD22A36} = {C91C1CF1-1625-0789-F869-53D87D6277BA}
		{D3BAB01C-7F3F-8576-96BE-8BE70C9B9915} = {984BB9B3-3FA3-BE33-9484-CAC21695A33C}
		{D620633E-298A-4AF3-9153-763BFA4C98C3} = {D3BAB01C-7F3F-8576-96BE-8BE70C9B9915}
		{3FB03296-F262-2760-9861-73C41AF3766C} = {984BB9B3-3FA3-BE33-9484-CAC21695A33C}
		{7138DF25-1656-4CAA-ACD1-09AB7F22B4C7} = {3FB03296-F262-2760-9861-73C41AF3766C}
		{C5FBE174-8E0F-F5A3-B929-8BD0C55C0A32} = {984BB9B3-3FA3-BE33-9484-CAC21695A33C}
		{8F6D9718-0204-4DD2-8D05-9AF0E481021D} = {C5FBE174-8E0F-F5A3-B929-8BD0C55C0A32}
		{ED3A6F05-8B42-2A19-DFFE-FDDDF787C538} = {827E0CD3-B72D-47B6-A68D-7590B98EB39B}
		{81CB752E-E7A1-4E91-8236-87DCFEB241A4} = {ED3A6F05-8B42-2A19-DFFE-FDDDF787C538}
		{DE3F6F8D-B1B0-4244-829A-BAECEC1F33C0} = {0AB3BF05-4346-4AA6-1389-037BE0695223}
	EndGlobalSection
EndGlobal
